
Microsoft Visual Studio Solution File, Format Version 12.00
# Visual Studio Version 16
VisualStudioVersion = 16.0.810.16
MinimumVisualStudioVersion = 10.0.40219.1
Project("{FAE04EC0-301F-11D3-BF4B-00C04F79EFBC}") = "MovieTicketBooking", "MovieTicketBooking\MovieTicketBooking.csproj", "{819A72D3-FC1F-4C10-BAFB-90DE70E833EB}"
EndProject
Project("{FAE04EC0-301F-11D3-BF4B-00C04F79EFBC}") = "MovieTicketBooking.DAL", "MovieTicketBooking.DAL\MovieTicketBooking.DAL.csproj", "{BFEAE368-A5AB-4A40-80C6-B90AD6907D04}"
EndProject
Project("{FAE04EC0-301F-11D3-BF4B-00C04F79EFBC}") = "MovieTicketBooking.BLL", "MovieTicketBooking.BLL\MovieTicketBooking.BLL.csproj", "{0DFD44A1-53D6-4524-9AA9-F86AE1ED5147}"
EndProject
Global
	GlobalSection(SolutionConfigurationPlatforms) = preSolution
		Debug|Any CPU = Debug|Any CPU
		Release|Any CPU = Release|Any CPU
	EndGlobalSection
	GlobalSection(ProjectConfigurationPlatforms) = postSolution
		{819A72D3-FC1F-4C10-BAFB-90DE70E833EB}.Debug|Any CPU.ActiveCfg = Debug|Any CPU
		{819A72D3-FC1F-4C10-BAFB-90DE70E833EB}.Debug|Any CPU.Build.0 = Debug|Any CPU
		{819A72D3-FC1F-4C10-BAFB-90DE70E833EB}.Release|Any CPU.ActiveCfg = Release|Any CPU
		{819A72D3-FC1F-4C10-BAFB-90DE70E833EB}.Release|Any CPU.Build.0 = Release|Any CPU
		{BFEAE368-A5AB-4A40-80C6-B90AD6907D04}.Debug|Any CPU.ActiveCfg = Debug|Any CPU
		{BFEAE368-A5AB-4A40-80C6-B90AD6907D04}.Debug|Any CPU.Build.0 = Debug|Any CPU
		{BFEAE368-A5AB-4A40-80C6-B90AD6907D04}.Release|Any CPU.ActiveCfg = Release|Any CPU
		{BFEAE368-A5AB-4A40-80C6-B90AD6907D04}.Release|Any CPU.Build.0 = Release|Any CPU
		{0DFD44A1-53D6-4524-9AA9-F86AE1ED5147}.Debug|Any CPU.ActiveCfg = Debug|Any CPU
		{0DFD44A1-53D6-4524-9AA9-F86AE1ED5147}.Debug|Any CPU.Build.0 = Debug|Any CPU
		{0DFD44A1-53D6-4524-9AA9-F86AE1ED5147}.Release|Any CPU.ActiveCfg = Release|Any CPU
		{0DFD44A1-53D6-4524-9AA9-F86AE1ED5147}.Release|Any CPU.Build.0 = Release|Any CPU
	EndGlobalSection
	GlobalSection(SolutionProperties) = preSolution
		HideSolutionNode = FALSE
	EndGlobalSection
	GlobalSection(ExtensibilityGlobals) = postSolution
		SolutionGuid = {4B6488F7-7083-4177-92BE-BCC4161B8DC3}
	EndGlobalSection
EndGlobal
